
Microsoft Visual Studio Solution File, Format Version 12.00
# Visual Studio Version 17
VisualStudioVersion = 17.2.32602.215
MinimumVisualStudioVersion = 10.0.40219.1
Project("{9A19103F-16F7-4668-BE54-9A1E7A4F7556}") = "02_Project", "02_Project\02_Project.csproj", "{514D136B-CB23-4BB8-8E4B-7CB4708027B7}"
EndProject
Project("{9A19103F-16F7-4668-BE54-9A1E7A4F7556}") = "01_Fraction", "01_Fraction\01_Fraction.csproj", "{CA460D78-FBCA-4723-85B8-1A4BEBD44F92}"
EndProject
Project("{9A19103F-16F7-4668-BE54-9A1E7A4F7556}") = "02_Zadanie", "02_Zadanie\02_Zadanie.csproj", "{3345D9E9-47C2-44B6-ACDC-BF778EDAC9D8}"
EndProject
Project("{9A19103F-16F7-4668-BE54-9A1E7A4F7556}") = "01_FractionTest", "01_FractionTest\01_FractionTest.csproj", "{3E3CF306-5F1E-4782-9949-E2E6C5C419C0}"
EndProject
Project("{9A19103F-16F7-4668-BE54-9A1E7A4F7556}") = "03_Zadanie", "03_Zadanie\03_Zadanie.csproj", "{75E337AF-278A-40AF-9780-D6C417A4BFF8}"
EndProject
Project("{9A19103F-16F7-4668-BE54-9A1E7A4F7556}") = "04_Files", "04_Files\04_Files.csproj", "{BE815500-8137-49D3-9412-C50C6D62529E}"
EndProject
Project("{9A19103F-16F7-4668-BE54-9A1E7A4F7556}") = "06_Linq", "06_Linq\06_Linq.csproj", "{4899BDC8-ADB9-4A23-B02A-AB0D2E1032F5}"
EndProject
Project("{9A19103F-16F7-4668-BE54-9A1E7A4F7556}") = "07_EntityFramework", "07_EntityFramework\07_EntityFramework.csproj", "{7826817E-4B44-4D0B-B2F2-4CE482C06B37}"
EndProject
Project("{9A19103F-16F7-4668-BE54-9A1E7A4F7556}") = "ThreadsPrimes", "ThreadsPrimes\ThreadsPrimes.csproj", "{F62C15EF-7886-44D2-8C0F-2FC3DBB35A53}"
EndProject
Global
	GlobalSection(SolutionConfigurationPlatforms) = preSolution
		Debug|Any CPU = Debug|Any CPU
		Release|Any CPU = Release|Any CPU
	EndGlobalSection
	GlobalSection(ProjectConfigurationPlatforms) = postSolution
		{514D136B-CB23-4BB8-8E4B-7CB4708027B7}.Debug|Any CPU.ActiveCfg = Debug|Any CPU
		{514D136B-CB23-4BB8-8E4B-7CB4708027B7}.Debug|Any CPU.Build.0 = Debug|Any CPU
		{514D136B-CB23-4BB8-8E4B-7CB4708027B7}.Release|Any CPU.ActiveCfg = Release|Any CPU
		{514D136B-CB23-4BB8-8E4B-7CB4708027B7}.Release|Any CPU.Build.0 = Release|Any CPU
		{CA460D78-FBCA-4723-85B8-1A4BEBD44F92}.Debug|Any CPU.ActiveCfg = Debug|Any CPU
		{CA460D78-FBCA-4723-85B8-1A4BEBD44F92}.Debug|Any CPU.Build.0 = Debug|Any CPU
		{CA460D78-FBCA-4723-85B8-1A4BEBD44F92}.Release|Any CPU.ActiveCfg = Release|Any CPU
		{CA460D78-FBCA-4723-85B8-1A4BEBD44F92}.Release|Any CPU.Build.0 = Release|Any CPU
		{3345D9E9-47C2-44B6-ACDC-BF778EDAC9D8}.Debug|Any CPU.ActiveCfg = Debug|Any CPU
		{3345D9E9-47C2-44B6-ACDC-BF778EDAC9D8}.Debug|Any CPU.Build.0 = Debug|Any CPU
		{3345D9E9-47C2-44B6-ACDC-BF778EDAC9D8}.Release|Any CPU.ActiveCfg = Release|Any CPU
		{3345D9E9-47C2-44B6-ACDC-BF778EDAC9D8}.Release|Any CPU.Build.0 = Release|Any CPU
		{3E3CF306-5F1E-4782-9949-E2E6C5C419C0}.Debug|Any CPU.ActiveCfg = Debug|Any CPU
		{3E3CF306-5F1E-4782-9949-E2E6C5C419C0}.Debug|Any CPU.Build.0 = Debug|Any CPU
		{3E3CF306-5F1E-4782-9949-E2E6C5C419C0}.Release|Any CPU.ActiveCfg = Release|Any CPU
		{3E3CF306-5F1E-4782-9949-E2E6C5C419C0}.Release|Any CPU.Build.0 = Release|Any CPU
		{75E337AF-278A-40AF-9780-D6C417A4BFF8}.Debug|Any CPU.ActiveCfg = Debug|Any CPU
		{75E337AF-278A-40AF-9780-D6C417A4BFF8}.Debug|Any CPU.Build.0 = Debug|Any CPU
		{75E337AF-278A-40AF-9780-D6C417A4BFF8}.Release|Any CPU.ActiveCfg = Release|Any CPU
		{75E337AF-278A-40AF-9780-D6C417A4BFF8}.Release|Any CPU.Build.0 = Release|Any CPU
		{BE815500-8137-49D3-9412-C50C6D62529E}.Debug|Any CPU.ActiveCfg = Debug|Any CPU
		{BE815500-8137-49D3-9412-C50C6D62529E}.Debug|Any CPU.Build.0 = Debug|Any CPU
		{BE815500-8137-49D3-9412-C50C6D62529E}.Release|Any CPU.ActiveCfg = Release|Any CPU
		{BE815500-8137-49D3-9412-C50C6D62529E}.Release|Any CPU.Build.0 = Release|Any CPU
		{4899BDC8-ADB9-4A23-B02A-AB0D2E1032F5}.Debug|Any CPU.ActiveCfg = Debug|Any CPU
		{4899BDC8-ADB9-4A23-B02A-AB0D2E1032F5}.Debug|Any CPU.Build.0 = Debug|Any CPU
		{4899BDC8-ADB9-4A23-B02A-AB0D2E1032F5}.Release|Any CPU.ActiveCfg = Release|Any CPU
		{4899BDC8-ADB9-4A23-B02A-AB0D2E1032F5}.Release|Any CPU.Build.0 = Release|Any CPU
		{7826817E-4B44-4D0B-B2F2-4CE482C06B37}.Debug|Any CPU.ActiveCfg = Debug|Any CPU
		{7826817E-4B44-4D0B-B2F2-4CE482C06B37}.Debug|Any CPU.Build.0 = Debug|Any CPU
		{7826817E-4B44-4D0B-B2F2-4CE482C06B37}.Release|Any CPU.ActiveCfg = Release|Any CPU
		{7826817E-4B44-4D0B-B2F2-4CE482C06B37}.Release|Any CPU.Build.0 = Release|Any CPU
		{F62C15EF-7886-44D2-8C0F-2FC3DBB35A53}.Debug|Any CPU.ActiveCfg = Debug|Any CPU
		{F62C15EF-7886-44D2-8C0F-2FC3DBB35A53}.Debug|Any CPU.Build.0 = Debug|Any CPU
		{F62C15EF-7886-44D2-8C0F-2FC3DBB35A53}.Release|Any CPU.ActiveCfg = Release|Any CPU
		{F62C15EF-7886-44D2-8C0F-2FC3DBB35A53}.Release|Any CPU.Build.0 = Release|Any CPU
	EndGlobalSection
	GlobalSection(SolutionProperties) = preSolution
		HideSolutionNode = FALSE
	EndGlobalSection
	GlobalSection(ExtensibilityGlobals) = postSolution
		SolutionGuid = {948A73E2-D29C-403B-B666-4B4D4F8756EF}
	EndGlobalSection
EndGlobal
