
Microsoft Visual Studio Solution File, Format Version 12.00
# Visual Studio Version 17
VisualStudioVersion = 17.0.32126.317
MinimumVisualStudioVersion = 10.0.40219.1
Project("{9A19103F-16F7-4668-BE54-9A1E7A4F7556}") = "02_Project", "02_Project\02_Project.csproj", "{514D136B-CB23-4BB8-8E4B-7CB4708027B7}"
EndProject
Project("{FAE04EC0-301F-11D3-BF4B-00C04F79EFBC}") = "01_Fraction", "01_Fraction\01_Fraction.csproj", "{CA460D78-FBCA-4723-85B8-1A4BEBD44F92}"
EndProject
Project("{9A19103F-16F7-4668-BE54-9A1E7A4F7556}") = "01_FractionTest", "FractionTest\01_FractionTest.csproj", "{5EFB9BB4-14FC-4471-A909-AAA749650FDA}"
EndProject
Project("{FAE04EC0-301F-11D3-BF4B-00C04F79EFBC}") = "02_Zadanie", "02_Zadanie\02_Zadanie.csproj", "{3345D9E9-47C2-44B6-ACDC-BF778EDAC9D8}"
EndProject
Global
	GlobalSection(SolutionConfigurationPlatforms) = preSolution
		Debug|Any CPU = Debug|Any CPU
		Release|Any CPU = Release|Any CPU
	EndGlobalSection
	GlobalSection(ProjectConfigurationPlatforms) = postSolution
		{514D136B-CB23-4BB8-8E4B-7CB4708027B7}.Debug|Any CPU.ActiveCfg = Debug|Any CPU
		{514D136B-CB23-4BB8-8E4B-7CB4708027B7}.Debug|Any CPU.Build.0 = Debug|Any CPU
		{514D136B-CB23-4BB8-8E4B-7CB4708027B7}.Release|Any CPU.ActiveCfg = Release|Any CPU
		{514D136B-CB23-4BB8-8E4B-7CB4708027B7}.Release|Any CPU.Build.0 = Release|Any CPU
		{CA460D78-FBCA-4723-85B8-1A4BEBD44F92}.Debug|Any CPU.ActiveCfg = Debug|Any CPU
		{CA460D78-FBCA-4723-85B8-1A4BEBD44F92}.Debug|Any CPU.Build.0 = Debug|Any CPU
		{CA460D78-FBCA-4723-85B8-1A4BEBD44F92}.Release|Any CPU.ActiveCfg = Release|Any CPU
		{CA460D78-FBCA-4723-85B8-1A4BEBD44F92}.Release|Any CPU.Build.0 = Release|Any CPU
		{5EFB9BB4-14FC-4471-A909-AAA749650FDA}.Debug|Any CPU.ActiveCfg = Debug|Any CPU
		{5EFB9BB4-14FC-4471-A909-AAA749650FDA}.Debug|Any CPU.Build.0 = Debug|Any CPU
		{5EFB9BB4-14FC-4471-A909-AAA749650FDA}.Release|Any CPU.ActiveCfg = Release|Any CPU
		{5EFB9BB4-14FC-4471-A909-AAA749650FDA}.Release|Any CPU.Build.0 = Release|Any CPU
		{3345D9E9-47C2-44B6-ACDC-BF778EDAC9D8}.Debug|Any CPU.ActiveCfg = Debug|Any CPU
		{3345D9E9-47C2-44B6-ACDC-BF778EDAC9D8}.Debug|Any CPU.Build.0 = Debug|Any CPU
		{3345D9E9-47C2-44B6-ACDC-BF778EDAC9D8}.Release|Any CPU.ActiveCfg = Release|Any CPU
		{3345D9E9-47C2-44B6-ACDC-BF778EDAC9D8}.Release|Any CPU.Build.0 = Release|Any CPU
	EndGlobalSection
	GlobalSection(SolutionProperties) = preSolution
		HideSolutionNode = FALSE
	EndGlobalSection
	GlobalSection(ExtensibilityGlobals) = postSolution
		SolutionGuid = {948A73E2-D29C-403B-B666-4B4D4F8756EF}
	EndGlobalSection
EndGlobal
